
Microsoft Visual Studio Solution File, Format Version 12.00
# Visual Studio Version 16
VisualStudioVersion = 16.0.29424.173
MinimumVisualStudioVersion = 10.0.40219.1
Project("{FAE04EC0-301F-11D3-BF4B-00C04F79EFBC}") = "Kroger", "Kroger\Kroger.csproj", "{9AF64F18-9CF7-4364-A3F6-91ECC615F588}"
EndProject
Global
	GlobalSection(SolutionConfigurationPlatforms) = preSolution
		Debug|Any CPU = Debug|Any CPU
		Release|Any CPU = Release|Any CPU
	EndGlobalSection
	GlobalSection(ProjectConfigurationPlatforms) = postSolution
		{9AF64F18-9CF7-4364-A3F6-91ECC615F588}.Debug|Any CPU.ActiveCfg = Debug|Any CPU
		{9AF64F18-9CF7-4364-A3F6-91ECC615F588}.Debug|Any CPU.Build.0 = Debug|Any CPU
		{9AF64F18-9CF7-4364-A3F6-91ECC615F588}.Release|Any CPU.ActiveCfg = Release|Any CPU
		{9AF64F18-9CF7-4364-A3F6-91ECC615F588}.Release|Any CPU.Build.0 = Release|Any CPU
	EndGlobalSection
	GlobalSection(SolutionProperties) = preSolution
		HideSolutionNode = FALSE
	EndGlobalSection
	GlobalSection(ExtensibilityGlobals) = postSolution
		SolutionGuid = {290DB3DA-6785-4471-8749-E6765CA3CAE2}
	EndGlobalSection
EndGlobal
